
Microsoft Visual Studio Solution File, Format Version 12.00
#	SkiaSharpSvg.sln
#	Copyright(c) 2020. Ascendant Design and Training, LLC
#	This file is licensed under the MIT License.
#	Please see the LICENSE file in this project.


# Visual Studio Version 16
VisualStudioVersion = 16.0.30413.136
MinimumVisualStudioVersion = 10.0.40219.1
Project("{FAE04EC0-301F-11D3-BF4B-00C04F79EFBC}") = "SkiaSharpSvg", "SkiaSharpSvg\SkiaSharpSvg.csproj", "{37CB5F97-635A-4AED-B335-8B9C5E0A2770}"
EndProject
Global
	GlobalSection(SolutionConfigurationPlatforms) = preSolution
		Debug|Any CPU = Debug|Any CPU
		Release|Any CPU = Release|Any CPU
	EndGlobalSection
	GlobalSection(ProjectConfigurationPlatforms) = postSolution
		{37CB5F97-635A-4AED-B335-8B9C5E0A2770}.Debug|Any CPU.ActiveCfg = Debug|Any CPU
		{37CB5F97-635A-4AED-B335-8B9C5E0A2770}.Debug|Any CPU.Build.0 = Debug|Any CPU
		{37CB5F97-635A-4AED-B335-8B9C5E0A2770}.Release|Any CPU.ActiveCfg = Release|Any CPU
		{37CB5F97-635A-4AED-B335-8B9C5E0A2770}.Release|Any CPU.Build.0 = Release|Any CPU
	EndGlobalSection
	GlobalSection(SolutionProperties) = preSolution
		HideSolutionNode = FALSE
	EndGlobalSection
	GlobalSection(ExtensibilityGlobals) = postSolution
		SolutionGuid = {8A26882E-9AFC-42F2-9022-C8EF753CFF53}
	EndGlobalSection
EndGlobal
