
Microsoft Visual Studio Solution File, Format Version 12.00
#	ScaffoldNodes.sln
#	Copyright(c) 2020. Ascendant Design and Training, LLC
#	This file is licensed under the MIT License.
#	Please see the LICENSE file in this project.
# Visual Studio Version 16
VisualStudioVersion = 16.0.30717.126
MinimumVisualStudioVersion = 10.0.40219.1
Project("{FAE04EC0-301F-11D3-BF4B-00C04F79EFBC}") = "ScaffoldNodes", "ScaffoldNodes\ScaffoldNodes.csproj", "{7AD023B5-C40D-432B-8ACD-0378CDABA0C0}"
EndProject
Global
	GlobalSection(SolutionConfigurationPlatforms) = preSolution
		Debug|Any CPU = Debug|Any CPU
		Release|Any CPU = Release|Any CPU
	EndGlobalSection
	GlobalSection(ProjectConfigurationPlatforms) = postSolution
		{7AD023B5-C40D-432B-8ACD-0378CDABA0C0}.Debug|Any CPU.ActiveCfg = Debug|Any CPU
		{7AD023B5-C40D-432B-8ACD-0378CDABA0C0}.Debug|Any CPU.Build.0 = Debug|Any CPU
		{7AD023B5-C40D-432B-8ACD-0378CDABA0C0}.Release|Any CPU.ActiveCfg = Release|Any CPU
		{7AD023B5-C40D-432B-8ACD-0378CDABA0C0}.Release|Any CPU.Build.0 = Release|Any CPU
	EndGlobalSection
	GlobalSection(SolutionProperties) = preSolution
		HideSolutionNode = FALSE
	EndGlobalSection
	GlobalSection(ExtensibilityGlobals) = postSolution
		SolutionGuid = {60004611-14AF-4E99-A8E2-030A8202B356}
	EndGlobalSection
EndGlobal
